
Microsoft Visual Studio Solution File, Format Version 12.00
# Visual Studio 15
Project("{8BC9CEB8-8B4A-11D0-8D11-00A0C91BC942}") = "C string vs string_view", "C string vs string_view.vcxproj", "{192E1050-8565-58E7-8E6F-BC0AFA257FE0}"
EndProject
Global
	GlobalSection(SolutionConfigurationPlatforms) = preSolution
		Debug|Win32 = Debug|Win32
		Release|Win32 = Release|Win32
	EndGlobalSection
	GlobalSection(ProjectConfigurationPlatforms) = postSolution
		{192E1050-8565-58E7-8E6F-BC0AFA257FE0}.Debug|Win32.ActiveCfg = Debug|Win32
		{192E1050-8565-58E7-8E6F-BC0AFA257FE0}.Debug|Win32.Build.0 = Debug|Win32
		{192E1050-8565-58E7-8E6F-BC0AFA257FE0}.Release|Win32.ActiveCfg = Release|Win32
		{192E1050-8565-58E7-8E6F-BC0AFA257FE0}.Release|Win32.Build.0 = Release|Win32
	EndGlobalSection
	GlobalSection(SolutionProperties) = preSolution
		HideSolutionNode = FALSE
	EndGlobalSection
EndGlobal
